# This file is generated by running "yarn install" inside your project.
# Manual changes might be lost - proceed with caution!

__metadata:
  version: 8
  cacheKey: 10c0

"husky@npm:^9.1.7":
  version: 9.1.7
  resolution: "husky@npm:9.1.7"
  bin:
    husky: bin.js
  checksum: 10c0/35bb110a71086c48906aa7cd3ed4913fb913823715359d65e32e0b964cb1e255593b0ae8014a5005c66a68e6fa66c38dcfa8056dbbdfb8b0187c0ffe7ee3a58f
  languageName: node
  linkType: hard

"pinst@npm:^3.0.0":
  version: 3.0.0
  resolution: "pinst@npm:3.0.0"
  bin:
    pinst: bin.js
  checksum: 10c0/abb1ed62ea2acb2207a7a860715bdb26ecbde74ede8fad5f6200194f3e22db25e2b7a49af05e5cc7fc05384709c651e0000323f0077d7239060c4b68c8acd428
  languageName: node
  linkType: hard

"playwright-junit-reporter@workspace:.":
  version: 0.0.0-use.local
  resolution: "playwright-junit-reporter@workspace:."
  dependencies:
    husky: "npm:^9.1.7"
    pinst: "npm:^3.0.0"
    typescript: "npm:^5.9.2"
  languageName: unknown
  linkType: soft

"typescript@npm:^5.9.2":
  version: 5.9.2
  resolution: "typescript@npm:5.9.2"
  bin:
    tsc: bin/tsc
    tsserver: bin/tsserver
  checksum: 10c0/cd635d50f02d6cf98ed42de2f76289701c1ec587a363369255f01ed15aaf22be0813226bff3c53e99d971f9b540e0b3cc7583dbe05faded49b1b0bed2f638a18
  languageName: node
  linkType: hard

"typescript@patch:typescript@npm%3A^5.9.2#optional!builtin<compat/typescript>":
  version: 5.9.2
  resolution: "typescript@patch:typescript@npm%3A5.9.2#optional!builtin<compat/typescript>::version=5.9.2&hash=5786d5"
  bin:
    tsc: bin/tsc
    tsserver: bin/tsserver
  checksum: 10c0/34d2a8e23eb8e0d1875072064d5e1d9c102e0bdce56a10a25c0b917b8aa9001a9cf5c225df12497e99da107dc379360bc138163c66b55b95f5b105b50578067e
  languageName: node
  linkType: hard
